# THIS IS AN AUTOGENERATED FILE. DO NOT EDIT THIS FILE DIRECTLY.
# yarn lockfile v1


"@types/node@^13.9.8":
  version "13.9.8"
  resolved "https://registry.npmjs.org/@types/node/-/node-13.9.8.tgz#09976420fc80a7a00bf40680c63815ed8c7616f4"
  integrity sha512-1WgO8hsyHynlx7nhP1kr0OFzsgKz5XDQL+Lfc3b1Q3qIln/n8cKD4m09NJ0+P1Rq7Zgnc7N0+SsMnoD1rEb0kA==

"@types/webpack-env@^1.15.1":
  version "1.15.1"
  resolved "https://registry.npmjs.org/@types/webpack-env/-/webpack-env-1.15.1.tgz#c8e84705e08eed430b5e15b39c65b0944e4d1422"
  integrity sha512-eWN5ElDTeBc5lRDh95SqA8x18D0ll2pWudU3uWiyfsRmIZcmUXpEsxPU+7+BsdCrO2vfLRC629u/MmjbmF+2tA==

cache-ajax@^3.0.1:
  version "3.0.1"
  resolved "https://registry.npmjs.org/cache-ajax/-/cache-ajax-3.0.1.tgz#9e2800d7e4bea7b6eb2f4be53d5979a547a216ca"
  integrity sha512-g0ac7JJgR2ZR47ciZ7HXJSbn81Za6SxBUpF58ZhMrIngEj/38eqpFy/xitvCHAY5fdBB6/pqPbOsHyV5aCtPmQ==
  dependencies:
    rxjs "^6.2.0"

rxjs@^6.2.0:
  version "6.5.4"
  resolved "https://registry.npmjs.org/rxjs/-/rxjs-6.5.4.tgz#e0777fe0d184cec7872df147f303572d414e211c"
  integrity sha512-naMQXcgEo3csAEGvw/NydRA0fuS2nDZJiw1YUWFKU7aPPAPGZEsD4Iimit96qwCieH6y614MCLYwdkrWx7z/7Q==
  dependencies:
    tslib "^1.9.0"

tslib@^1.11.1, tslib@^1.9.0:
  version "1.11.1"
  resolved "https://registry.npmjs.org/tslib/-/tslib-1.11.1.tgz#eb15d128827fbee2841549e171f45ed338ac7e35"
  integrity sha512-aZW88SY8kQbU7gpV19lN24LtXh/yD4ZZg6qieAJDDg+YBsJcSmLGK9QpnUjAKVG/xefmvJGd1WUmfpT/g6AJGA==

typescript@^3.8.3:
  version "3.8.3"
  resolved "https://registry.npmjs.org/typescript/-/typescript-3.8.3.tgz#409eb8544ea0335711205869ec458ab109ee1061"
  integrity sha512-MYlEfn5VrLNsgudQTVJeNaQFUAI7DkhnOjdpAp4T+ku1TfQClewlbSuTVHiA+8skNBgaf02TL/kLOvig4y3G8w==
